
Microsoft Visual Studio Solution File, Format Version 12.00
# Visual Studio Version 16
VisualStudioVersion = 16.0.29613.14
MinimumVisualStudioVersion = 10.0.40219.1
Project("{FAE04EC0-301F-11D3-BF4B-00C04F79EFBC}") = "New game", "New game\New game.csproj", "{3577FCB4-9441-432D-BC16-76AE1AE49901}"
EndProject
Global
	GlobalSection(SolutionConfigurationPlatforms) = preSolution
		Debug|Any CPU = Debug|Any CPU
		Release|Any CPU = Release|Any CPU
	EndGlobalSection
	GlobalSection(ProjectConfigurationPlatforms) = postSolution
		{3577FCB4-9441-432D-BC16-76AE1AE49901}.Debug|Any CPU.ActiveCfg = Debug|Any CPU
		{3577FCB4-9441-432D-BC16-76AE1AE49901}.Debug|Any CPU.Build.0 = Debug|Any CPU
		{3577FCB4-9441-432D-BC16-76AE1AE49901}.Release|Any CPU.ActiveCfg = Release|Any CPU
		{3577FCB4-9441-432D-BC16-76AE1AE49901}.Release|Any CPU.Build.0 = Release|Any CPU
	EndGlobalSection
	GlobalSection(SolutionProperties) = preSolution
		HideSolutionNode = FALSE
	EndGlobalSection
	GlobalSection(ExtensibilityGlobals) = postSolution
		SolutionGuid = {B99C6A41-AA89-46C8-A54A-F68394D2C74C}
	EndGlobalSection
EndGlobal
